Microsoft Visual Studio Solution File, Format Version 10.00
# Visual Studio 2008
Project("{8BC9CEB8-8B4A-11D0-8D11-00A0C91BC942}") = "ALL_BUILD", "ALL_BUILD.vcproj", "{3B87F22B-DD19-4A33-8297-D5B9094B28D2}"
	ProjectSection(ProjectDependencies) = postProject
		{42493311-776E-4034-8E59-DAF9F450BBFC} = {42493311-776E-4034-8E59-DAF9F450BBFC}
		{D09377B0-7208-424C-A478-D6C8FF5CEA69} = {D09377B0-7208-424C-A478-D6C8FF5CEA69}
		{57AD2631-40E3-48AA-BB9F-B6AEFEE99C69} = {57AD2631-40E3-48AA-BB9F-B6AEFEE99C69}
		{F99E9180-92EB-4ABC-AA1D-4F1B23817608} = {F99E9180-92EB-4ABC-AA1D-4F1B23817608}
		{E5219D4A-E646-4C9D-BD34-6C16E8BE12EA} = {E5219D4A-E646-4C9D-BD34-6C16E8BE12EA}
	EndProjectSection
EndProject
Project("{8BC9CEB8-8B4A-11D0-8D11-00A0C91BC942}") = "ZERO_CHECK", "ZERO_CHECK.vcproj", "{42493311-776E-4034-8E59-DAF9F450BBFC}"
	ProjectSection(ProjectDependencies) = postProject
	EndProjectSection
EndProject
Project("{8BC9CEB8-8B4A-11D0-8D11-00A0C91BC942}") = "p264", "p264.vcproj", "{D09377B0-7208-424C-A478-D6C8FF5CEA69}"
	ProjectSection(ProjectDependencies) = postProject
		{42493311-776E-4034-8E59-DAF9F450BBFC} = {42493311-776E-4034-8E59-DAF9F450BBFC}
		{57AD2631-40E3-48AA-BB9F-B6AEFEE99C69} = {57AD2631-40E3-48AA-BB9F-B6AEFEE99C69}
	EndProjectSection
EndProject
Project("{8BC9CEB8-8B4A-11D0-8D11-00A0C91BC942}") = "vlib", "vlib.vcproj", "{57AD2631-40E3-48AA-BB9F-B6AEFEE99C69}"
	ProjectSection(ProjectDependencies) = postProject
		{42493311-776E-4034-8E59-DAF9F450BBFC} = {42493311-776E-4034-8E59-DAF9F450BBFC}
		{F99E9180-92EB-4ABC-AA1D-4F1B23817608} = {F99E9180-92EB-4ABC-AA1D-4F1B23817608}
		{E5219D4A-E646-4C9D-BD34-6C16E8BE12EA} = {E5219D4A-E646-4C9D-BD34-6C16E8BE12EA}
	EndProjectSection
EndProject
Project("{8BC9CEB8-8B4A-11D0-8D11-00A0C91BC942}") = "vpapi", "vpapi.vcproj", "{F99E9180-92EB-4ABC-AA1D-4F1B23817608}"
	ProjectSection(ProjectDependencies) = postProject
		{42493311-776E-4034-8E59-DAF9F450BBFC} = {42493311-776E-4034-8E59-DAF9F450BBFC}
	EndProjectSection
EndProject
Project("{8BC9CEB8-8B4A-11D0-8D11-00A0C91BC942}") = "vpos", "vpos.vcproj", "{E5219D4A-E646-4C9D-BD34-6C16E8BE12EA}"
	ProjectSection(ProjectDependencies) = postProject
		{42493311-776E-4034-8E59-DAF9F450BBFC} = {42493311-776E-4034-8E59-DAF9F450BBFC}
	EndProjectSection
EndProject
Global
	GlobalSection(SolutionConfigurationPlatforms) = preSolution
		Debug|Win32 = Debug|Win32
		Release|Win32 = Release|Win32
		MinSizeRel|Win32 = MinSizeRel|Win32
		RelWithDebInfo|Win32 = RelWithDebInfo|Win32
	EndGlobalSection
	GlobalSection(ProjectConfigurationPlatforms) = postSolution
		{3B87F22B-DD19-4A33-8297-D5B9094B28D2}.Debug|Win32.ActiveCfg = Debug|Win32
		{3B87F22B-DD19-4A33-8297-D5B9094B28D2}.Release|Win32.ActiveCfg = Release|Win32
		{3B87F22B-DD19-4A33-8297-D5B9094B28D2}.MinSizeRel|Win32.ActiveCfg = MinSizeRel|Win32
		{3B87F22B-DD19-4A33-8297-D5B9094B28D2}.RelWithDebInfo|Win32.ActiveCfg = RelWithDebInfo|Win32
		{42493311-776E-4034-8E59-DAF9F450BBFC}.Debug|Win32.ActiveCfg = Debug|Win32
		{42493311-776E-4034-8E59-DAF9F450BBFC}.Debug|Win32.Build.0 = Debug|Win32
		{42493311-776E-4034-8E59-DAF9F450BBFC}.Release|Win32.ActiveCfg = Release|Win32
		{42493311-776E-4034-8E59-DAF9F450BBFC}.Release|Win32.Build.0 = Release|Win32
		{42493311-776E-4034-8E59-DAF9F450BBFC}.MinSizeRel|Win32.ActiveCfg = MinSizeRel|Win32
		{42493311-776E-4034-8E59-DAF9F450BBFC}.MinSizeRel|Win32.Build.0 = MinSizeRel|Win32
		{42493311-776E-4034-8E59-DAF9F450BBFC}.RelWithDebInfo|Win32.ActiveCfg = RelWithDebInfo|Win32
		{42493311-776E-4034-8E59-DAF9F450BBFC}.RelWithDebInfo|Win32.Build.0 = RelWithDebInfo|Win32
		{D09377B0-7208-424C-A478-D6C8FF5CEA69}.Debug|Win32.ActiveCfg = Debug|Win32
		{D09377B0-7208-424C-A478-D6C8FF5CEA69}.Debug|Win32.Build.0 = Debug|Win32
		{D09377B0-7208-424C-A478-D6C8FF5CEA69}.Release|Win32.ActiveCfg = Release|Win32
		{D09377B0-7208-424C-A478-D6C8FF5CEA69}.Release|Win32.Build.0 = Release|Win32
		{D09377B0-7208-424C-A478-D6C8FF5CEA69}.MinSizeRel|Win32.ActiveCfg = MinSizeRel|Win32
		{D09377B0-7208-424C-A478-D6C8FF5CEA69}.MinSizeRel|Win32.Build.0 = MinSizeRel|Win32
		{D09377B0-7208-424C-A478-D6C8FF5CEA69}.RelWithDebInfo|Win32.ActiveCfg = RelWithDebInfo|Win32
		{D09377B0-7208-424C-A478-D6C8FF5CEA69}.RelWithDebInfo|Win32.Build.0 = RelWithDebInfo|Win32
		{57AD2631-40E3-48AA-BB9F-B6AEFEE99C69}.Debug|Win32.ActiveCfg = Debug|Win32
		{57AD2631-40E3-48AA-BB9F-B6AEFEE99C69}.Debug|Win32.Build.0 = Debug|Win32
		{57AD2631-40E3-48AA-BB9F-B6AEFEE99C69}.Release|Win32.ActiveCfg = Release|Win32
		{57AD2631-40E3-48AA-BB9F-B6AEFEE99C69}.Release|Win32.Build.0 = Release|Win32
		{57AD2631-40E3-48AA-BB9F-B6AEFEE99C69}.MinSizeRel|Win32.ActiveCfg = MinSizeRel|Win32
		{57AD2631-40E3-48AA-BB9F-B6AEFEE99C69}.MinSizeRel|Win32.Build.0 = MinSizeRel|Win32
		{57AD2631-40E3-48AA-BB9F-B6AEFEE99C69}.RelWithDebInfo|Win32.ActiveCfg = RelWithDebInfo|Win32
		{57AD2631-40E3-48AA-BB9F-B6AEFEE99C69}.RelWithDebInfo|Win32.Build.0 = RelWithDebInfo|Win32
		{F99E9180-92EB-4ABC-AA1D-4F1B23817608}.Debug|Win32.ActiveCfg = Debug|Win32
		{F99E9180-92EB-4ABC-AA1D-4F1B23817608}.Debug|Win32.Build.0 = Debug|Win32
		{F99E9180-92EB-4ABC-AA1D-4F1B23817608}.Release|Win32.ActiveCfg = Release|Win32
		{F99E9180-92EB-4ABC-AA1D-4F1B23817608}.Release|Win32.Build.0 = Release|Win32
		{F99E9180-92EB-4ABC-AA1D-4F1B23817608}.MinSizeRel|Win32.ActiveCfg = MinSizeRel|Win32
		{F99E9180-92EB-4ABC-AA1D-4F1B23817608}.MinSizeRel|Win32.Build.0 = MinSizeRel|Win32
		{F99E9180-92EB-4ABC-AA1D-4F1B23817608}.RelWithDebInfo|Win32.ActiveCfg = RelWithDebInfo|Win32
		{F99E9180-92EB-4ABC-AA1D-4F1B23817608}.RelWithDebInfo|Win32.Build.0 = RelWithDebInfo|Win32
		{E5219D4A-E646-4C9D-BD34-6C16E8BE12EA}.Debug|Win32.ActiveCfg = Debug|Win32
		{E5219D4A-E646-4C9D-BD34-6C16E8BE12EA}.Debug|Win32.Build.0 = Debug|Win32
		{E5219D4A-E646-4C9D-BD34-6C16E8BE12EA}.Release|Win32.ActiveCfg = Release|Win32
		{E5219D4A-E646-4C9D-BD34-6C16E8BE12EA}.Release|Win32.Build.0 = Release|Win32
		{E5219D4A-E646-4C9D-BD34-6C16E8BE12EA}.MinSizeRel|Win32.ActiveCfg = MinSizeRel|Win32
		{E5219D4A-E646-4C9D-BD34-6C16E8BE12EA}.MinSizeRel|Win32.Build.0 = MinSizeRel|Win32
		{E5219D4A-E646-4C9D-BD34-6C16E8BE12EA}.RelWithDebInfo|Win32.ActiveCfg = RelWithDebInfo|Win32
		{E5219D4A-E646-4C9D-BD34-6C16E8BE12EA}.RelWithDebInfo|Win32.Build.0 = RelWithDebInfo|Win32
	EndGlobalSection
	GlobalSection(ExtensibilityGlobals) = postSolution
	EndGlobalSection
	GlobalSection(ExtensibilityAddIns) = postSolution
	EndGlobalSection
EndGlobal
